
Microsoft Visual Studio Solution File, Format Version 11.00
# Visual Studio 2010
Project("{FAE04EC0-301F-11D3-BF4B-00C04F79EFBC}") = "Assembly-CSharp", "Assembly-CSharp.csproj", "{5075CECF-E951-8E51-7002-F5DF66EAEE12}"
EndProject
Project("{FAE04EC0-301F-11D3-BF4B-00C04F79EFBC}") = "Assembly-CSharp-Editor", "Assembly-CSharp-Editor.csproj", "{80D78F53-5347-DFD2-CEFE-75C59ECBF717}"
EndProject
Global
	GlobalSection(SolutionConfigurationPlatforms) = preSolution
		Debug|Any CPU = Debug|Any CPU
		Release|Any CPU = Release|Any CPU
	EndGlobalSection
	GlobalSection(ProjectConfigurationPlatforms) = postSolution
		{5075CECF-E951-8E51-7002-F5DF66EAEE12}.Debug|Any CPU.ActiveCfg = Debug|Any CPU
		{5075CECF-E951-8E51-7002-F5DF66EAEE12}.Debug|Any CPU.Build.0 = Debug|Any CPU
		{5075CECF-E951-8E51-7002-F5DF66EAEE12}.Release|Any CPU.ActiveCfg = Release|Any CPU
		{5075CECF-E951-8E51-7002-F5DF66EAEE12}.Release|Any CPU.Build.0 = Release|Any CPU
		{80D78F53-5347-DFD2-CEFE-75C59ECBF717}.Debug|Any CPU.ActiveCfg = Debug|Any CPU
		{80D78F53-5347-DFD2-CEFE-75C59ECBF717}.Debug|Any CPU.Build.0 = Debug|Any CPU
		{80D78F53-5347-DFD2-CEFE-75C59ECBF717}.Release|Any CPU.ActiveCfg = Release|Any CPU
		{80D78F53-5347-DFD2-CEFE-75C59ECBF717}.Release|Any CPU.Build.0 = Release|Any CPU
	EndGlobalSection
	GlobalSection(SolutionProperties) = preSolution
		HideSolutionNode = FALSE
	EndGlobalSection
	GlobalSection(MonoDevelopProperties) = preSolution
		StartupItem = Assembly-CSharp.csproj
	EndGlobalSection
EndGlobal
